// !$*UTF8*$!
{
	archiveVersion = 1;
	classes = {
	};
	objectVersion = 46;
	objects = {

/* Begin PBXBuildFile section */
		F8D519B71E4CDC5300B72742 /* AppDelegate.swift in Sources */ = {isa = PBXBuildFile; fileRef = F8D519B61E4CDC5300B72742 /* AppDelegate.swift */; };
		F8D519B91E4CDC5300B72742 /* ViewController.swift in Sources */ = {isa = PBXBuildFile; fileRef = F8D519B81E4CDC5300B72742 /* ViewController.swift */; };
		F8D519BC1E4CDC5300B72742 /* Main.storyboard in Resources */ = {isa = PBXBuildFile; fileRef = F8D519BA1E4CDC5300B72742 /* Main.storyboard */; };
		F8D519BE1E4CDC5300B72742 /* Assets.xcassets in Resources */ = {isa = PBXBuildFile; fileRef = F8D519BD1E4CDC5300B72742 /* Assets.xcassets */; };
		F8D519C11E4CDC5300B72742 /* LaunchScreen.storyboard in Resources */ = {isa = PBXBuildFile; fileRef = F8D519BF1E4CDC5300B72742 /* LaunchScreen.storyboard */; };
/* End PBXBuildFile section */

/* Begin PBXFileReference section */
		F8D519B31E4CDC5300B72742 /* Mr. Potatohead.app */ = {isa = PBXFileReference; explicitFileType = wrapper.application; includeInIndex = 0; path = "Mr. Potatohead.app"; sourceTree = BUILT_PRODUCTS_DIR; };
		F8D519B61E4CDC5300B72742 /* AppDelegate.swift */ = {isa = PBXFileReference; lastKnownFileType = sourcecode.swift; path = AppDelegate.swift; sourceTree = "<group>"; };
		F8D519B81E4CDC5300B72742 /* ViewController.swift */ = {isa = PBXFileReference; lastKnownFileType = sourcecode.swift; path = ViewController.swift; sourceTree = "<group>"; };
		F8D519BB1E4CDC5300B72742 /* Base */ = {isa = PBXFileReference; lastKnownFileType = file.storyboard; name = Base; path = Base.lproj/Main.storyboard; sourceTree = "<group>"; };
		F8D519BD1E4CDC5300B72742 /* Assets.xcassets */ = {isa = PBXFileReference; lastKnownFileType = folder.assetcatalog; path = Assets.xcassets; sourceTree = "<group>"; };
		F8D519C01E4CDC5300B72742 /* Base */ = {isa = PBXFileReference; lastKnownFileType = file.storyboard; name = Base; path = Base.lproj/LaunchScreen.storyboard; sourceTree = "<group>"; };
		F8D519C21E4CDC5300B72742 /* Info.plist */ = {isa = PBXFileReference; lastKnownFileType = text.plist.xml; path = Info.plist; sourceTree = "<group>"; };
/* End PBXFileReference section */

/* Begin PBXFrameworksBuildPhase section */
		F8D519B01E4CDC5200B72742 /* Frameworks */ = {
			isa = PBXFrameworksBuildPhase;
			buildActionMask = 2147483647;
			files = (
			);
			runOnlyForDeploymentPostprocessing = 0;
		};
/* End PBXFrameworksBuildPhase section */

/* Begin PBXGroup section */
		F8D519AA1E4CDC5200B72742 = {
			isa = PBXGroup;
			children = (
				F8D519B51E4CDC5300B72742 /* Mr. Potatohead */,
				F8D519B41E4CDC5300B72742 /* Products */,
			);
			sourceTree = "<group>";
		};
		F8D519B41E4CDC5300B72742 /* Products */ = {
			isa = PBXGroup;
			children = (
				F8D519B31E4CDC5300B72742 /* Mr. Potatohead.app */,
			);
			name = Products;
			sourceTree = "<group>";
		};
		F8D519B51E4CDC5300B72742 /* Mr. Potatohead */ = {
			isa = PBXGroup;
			children = (
				F8D519B61E4CDC5300B72742 /* AppDelegate.swift */,
				F8D519B81E4CDC5300B72742 /* ViewController.swift */,
				F8D519BA1E4CDC5300B72742 /* Main.storyboard */,
				F8D519BD1E4CDC5300B72742 /* Assets.xcassets */,
				F8D519BF1E4CDC5300B72742 /* LaunchScreen.storyboard */,
				F8D519C21E4CDC5300B72742 /* Info.plist */,
			);
			path = "Mr. Potatohead";
			sourceTree = "<group>";
		};
/* End PBXGroup section */

/* Begin PBXNativeTarget section */
		F8D519B21E4CDC5200B72742 /* Mr. Potatohead */ = {
			isa = PBXNativeTarget;
			buildConfigurationList = F8D519C51E4CDC5300B72742 /* Build configuration list for PBXNativeTarget "Mr. Potatohead" */;
			buildPhases = (
				F8D519AF1E4CDC5200B72742 /* Sources */,
				F8D519B01E4CDC5200B72742 /* Frameworks */,
				F8D519B11E4CDC5200B72742 /* Resources */,
			);
			buildRules = (
			);
			dependencies = (
			);
			name = "Mr. Potatohead";
			productName = "Mr. Potatohead";
			productReference = F8D519B31E4CDC5300B72742 /* Mr. Potatohead.app */;
			productType = "com.apple.product-type.application";
		};
/* End PBXNativeTarget section */

/* Begin PBXProject section */
		F8D519AB1E4CDC5200B72742 /* Project object */ = {
			isa = PBXProject;
			attributes = {
				LastSwiftUpdateCheck = 0820;
				LastUpgradeCheck = 0820;
				ORGANIZATIONNAME = "Stefan Pel";
				TargetAttributes = {
					F8D519B21E4CDC5200B72742 = {
						CreatedOnToolsVersion = 8.2.1;
						ProvisioningStyle = Automatic;
					};
				};
			};
			buildConfigurationList = F8D519AE1E4CDC5200B72742 /* Build configuration list for PBXProject "Mr. Potatohead" */;
			compatibilityVersion = "Xcode 3.2";
			developmentRegion = English;
			hasScannedForEncodings = 0;
			knownRegions = (
				en,
				Base,
			);
			mainGroup = F8D519AA1E4CDC5200B72742;
			productRefGroup = F8D519B41E4CDC5300B72742 /* Products */;
			projectDirPath = "";
			projectRoot = "";
			targets = (
				F8D519B21E4CDC5200B72742 /* Mr. Potatohead */,
			);
		};
/* End PBXProject section */

/* Begin PBXResourcesBuildPhase section */
		F8D519B11E4CDC5200B72742 /* Resources */ = {
			isa = PBXResourcesBuildPhase;
			buildActionMask = 2147483647;
			files = (
				F8D519C11E4CDC5300B72742 /* LaunchScreen.storyboard in Resources */,
				F8D519BE1E4CDC5300B72742 /* Assets.xcassets in Resources */,
				F8D519BC1E4CDC5300B72742 /* Main.storyboard in Resources */,
			);
			runOnlyForDeploymentPostprocessing = 0;
		};
/* End PBXResourcesBuildPhase section */

/* Begin PBXSourcesBuildPhase section */
		F8D519AF1E4CDC5200B72742 /* Sources */ = {
			isa = PBXSourcesBuildPhase;
			buildActionMask = 2147483647;
			files = (
				F8D519B91E4CDC5300B72742 /* ViewController.swift in Sources */,
				F8D519B71E4CDC5300B72742 /* AppDelegate.swift in Sources */,
			);
			runOnlyForDeploymentPostprocessing = 0;
		};
/* End PBXSourcesBuildPhase section */

/* Begin PBXVariantGroup section */
		F8D519BA1E4CDC5300B72742 /* Main.storyboard */ = {
			isa = PBXVariantGroup;
			children = (
				F8D519BB1E4CDC5300B72742 /* Base */,
			);
			name = Main.storyboard;
			sourceTree = "<group>";
		};
		F8D519BF1E4CDC5300B72742 /* LaunchScreen.storyboard */ = {
			isa = PBXVariantGroup;
			children = (
				F8D519C01E4CDC5300B72742 /* Base */,
			);
			name = LaunchScreen.storyboard;
			sourceTree = "<group>";
		};
/* End PBXVariantGroup section */

/* Begin XCBuildConfiguration section */
		F8D519C31E4CDC5300B72742 /* Debug */ = {
			isa = XCBuildConfiguration;
			buildSettings = {
				ALWAYS_SEARCH_USER_PATHS = NO;
				CLANG_ANALYZER_NONNULL = YES;
				CLANG_CXX_LANGUAGE_STANDARD = "gnu++0x";
				CLANG_CXX_LIBRARY = "libc++";
				CLANG_ENABLE_MODULES = YES;
				CLANG_ENABLE_OBJC_ARC = YES;
				CLANG_WARN_BOOL_CONVERSION = YES;
				CLANG_WARN_CONSTANT_CONVERSION = YES;
				CLANG_WARN_DIRECT_OBJC_ISA_USAGE = YES_ERROR;
				CLANG_WARN_DOCUMENTATION_COMMENTS = YES;
				CLANG_WARN_EMPTY_BODY = YES;
				CLANG_WARN_ENUM_CONVERSION = YES;
				CLANG_WARN_INFINITE_RECURSION = YES;
				CLANG_WARN_INT_CONVERSION = YES;
				CLANG_WARN_OBJC_ROOT_CLASS = YES_ERROR;
				CLANG_WARN_SUSPICIOUS_MOVE = YES;
				CLANG_WARN_UNREACHABLE_CODE = YES;
				CLANG_WARN__DUPLICATE_METHOD_MATCH = YES;
				"CODE_SIGN_IDENTITY[sdk=iphoneos*]" = "iPhone Developer";
				COPY_PHASE_STRIP = NO;
				DEBUG_INFORMATION_FORMAT = dwarf;
				ENABLE_STRICT_OBJC_MSGSEND = YES;
				ENABLE_TESTABILITY = YES;
				GCC_C_LANGUAGE_STANDARD = gnu99;
				GCC_DYNAMIC_NO_PIC = NO;
				GCC_NO_COMMON_BLOCKS = YES;
				GCC_OPTIMIZATION_LEVEL = 0;
				GCC_PREPROCESSOR_DEFINITIONS = (
					"DEBUG=1",
					"$(inherited)",
				);
				GCC_WARN_64_TO_32_BIT_CONVERSION = YES;
				GCC_WARN_ABOUT_RETURN_TYPE = YES_ERROR;
				GCC_WARN_UNDECLARED_SELECTOR = YES;
				GCC_WARN_UNINITIALIZED_AUTOS = YES_AGGRESSIVE;
				GCC_WARN_UNUSED_FUNCTION = YES;
				GCC_WARN_UNUSED_VARIABLE = YES;
				IPHONEOS_DEPLOYMENT_TARGET = 10.2;
				MTL_ENABLE_DEBUG_INFO = YES;
				ONLY_ACTIVE_ARCH = YES;
				SDKROOT = iphoneos;
				SWIFT_ACTIVE_COMPILATION_CONDITIONS = DEBUG;
				SWIFT_OPTIMIZATION_LEVEL = "-Onone";
				TARGETED_DEVICE_FAMILY = "1,2";
			};
			name = Debug;
		};
		F8D519C41E4CDC5300B72742 /* Release */ = {
			isa = XCBuildConfiguration;
			buildSettings = {
				ALWAYS_SEARCH_USER_PATHS = NO;
				CLANG_ANALYZER_NONNULL = YES;
				CLANG_CXX_LANGUAGE_STANDARD = "gnu++0x";
				CLANG_CXX_LIBRARY = "libc++";
				CLANG_ENABLE_MODULES = YES;
				CLANG_ENABLE_OBJC_ARC = YES;
				CLANG_WARN_BOOL_CONVERSION = YES;
				CLANG_WARN_CONSTANT_CONVERSION = YES;
				CLANG_WARN_DIRECT_OBJC_ISA_USAGE = YES_ERROR;
				CLANG_WARN_DOCUMENTATION_COMMENTS = YES;
				CLANG_WARN_EMPTY_BODY = YES;
				CLANG_WARN_ENUM_CONVERSION = YES;
				CLANG_WARN_INFINITE_RECURSION = YES;
				CLANG_WARN_INT_CONVERSION = YES;
				CLANG_WARN_OBJC_ROOT_CLASS = YES_ERROR;
				CLANG_WARN_SUSPICIOUS_MOVE = YES;
				CLANG_WARN_UNREACHABLE_CODE = YES;
				CLANG_WARN__DUPLICATE_METHOD_MATCH = YES;
				"CODE_SIGN_IDENTITY[sdk=iphoneos*]" = "iPhone Developer";
				COPY_PHASE_STRIP = NO;
				DEBUG_INFORMATION_FORMAT = "dwarf-with-dsym";
				ENABLE_NS_ASSERTIONS = NO;
				ENABLE_STRICT_OBJC_MSGSEND = YES;
				GCC_C_LANGUAGE_STANDARD = gnu99;
				GCC_NO_COMMON_BLOCKS = YES;
				GCC_WARN_64_TO_32_BIT_CONVERSION = YES;
				GCC_WARN_ABOUT_RETURN_TYPE = YES_ERROR;
				GCC_WARN_UNDECLARED_SELECTOR = YES;
				GCC_WARN_UNINITIALIZED_AUTOS = YES_AGGRESSIVE;
				GCC_WARN_UNUSED_FUNCTION = YES;
				GCC_WARN_UNUSED_VARIABLE = YES;
				IPHONEOS_DEPLOYMENT_TARGET = 10.2;
				MTL_ENABLE_DEBUG_INFO = NO;
				SDKROOT = iphoneos;
				SWIFT_OPTIMIZATION_LEVEL = "-Owholemodule";
				TARGETED_DEVICE_FAMILY = "1,2";
				VALIDATE_PRODUCT = YES;
			};
			name = Release;
		};
		F8D519C61E4CDC5300B72742 /* Debug */ = {
			isa = XCBuildConfiguration;
			buildSettings = {
				ASSETCATALOG_COMPILER_APPICON_NAME = AppIcon;
				INFOPLIST_FILE = "Mr. Potatohead/Info.plist";
				LD_RUNPATH_SEARCH_PATHS = "$(inherited) @executable_path/Frameworks";
				PRODUCT_BUNDLE_IDENTIFIER = "nl.mprog.Mr--Potatohead";
				PRODUCT_NAME = "$(TARGET_NAME)";
				SWIFT_VERSION = 3.0;
			};
			name = Debug;
		};
		F8D519C71E4CDC5300B72742 /* Release */ = {
			isa = XCBuildConfiguration;
			buildSettings = {
				ASSETCATALOG_COMPILER_APPICON_NAME = AppIcon;
				INFOPLIST_FILE = "Mr. Potatohead/Info.plist";
				LD_RUNPATH_SEARCH_PATHS = "$(inherited) @executable_path/Frameworks";
				PRODUCT_BUNDLE_IDENTIFIER = "nl.mprog.Mr--Potatohead";
				PRODUCT_NAME = "$(TARGET_NAME)";
				SWIFT_VERSION = 3.0;
			};
			name = Release;
		};
/* End XCBuildConfiguration section */

/* Begin XCConfigurationList section */
		F8D519AE1E4CDC5200B72742 /* Build configuration list for PBXProject "Mr. Potatohead" */ = {
			isa = XCConfigurationList;
			buildConfigurations = (
				F8D519C31E4CDC5300B72742 /* Debug */,
				F8D519C41E4CDC5300B72742 /* Release */,
			);
			defaultConfigurationIsVisible = 0;
			defaultConfigurationName = Release;
		};
		F8D519C51E4CDC5300B72742 /* Build configuration list for PBXNativeTarget "Mr. Potatohead" */ = {
			isa = XCConfigurationList;
			buildConfigurations = (
				F8D519C61E4CDC5300B72742 /* Debug */,
				F8D519C71E4CDC5300B72742 /* Release */,
			);
			defaultConfigurationIsVisible = 0;
		};
/* End XCConfigurationList section */
	};
	rootObject = F8D519AB1E4CDC5200B72742 /* Project object */;
}
